
Microsoft Visual Studio Solution File, Format Version 12.00
# Visual Studio Version 16
VisualStudioVersion = 16.0.29519.181
MinimumVisualStudioVersion = 10.0.40219.1
Project("{FAE04EC0-301F-11D3-BF4B-00C04F79EFBC}") = "ReadExcelAgain", "ReadExcelAgain\ReadExcelAgain.csproj", "{E91C2731-8B17-4A3A-8EA4-7994E0C50D51}"
EndProject
Global
	GlobalSection(SolutionConfigurationPlatforms) = preSolution
		Debug|Any CPU = Debug|Any CPU
		Release|Any CPU = Release|Any CPU
	EndGlobalSection
	GlobalSection(ProjectConfigurationPlatforms) = postSolution
		{E91C2731-8B17-4A3A-8EA4-7994E0C50D51}.Debug|Any CPU.ActiveCfg = Debug|Any CPU
		{E91C2731-8B17-4A3A-8EA4-7994E0C50D51}.Debug|Any CPU.Build.0 = Debug|Any CPU
		{E91C2731-8B17-4A3A-8EA4-7994E0C50D51}.Release|Any CPU.ActiveCfg = Release|Any CPU
		{E91C2731-8B17-4A3A-8EA4-7994E0C50D51}.Release|Any CPU.Build.0 = Release|Any CPU
	EndGlobalSection
	GlobalSection(SolutionProperties) = preSolution
		HideSolutionNode = FALSE
	EndGlobalSection
	GlobalSection(ExtensibilityGlobals) = postSolution
		SolutionGuid = {ABA82A28-34CD-4085-9A2C-A383743D47AF}
	EndGlobalSection
EndGlobal
